
Microsoft Visual Studio Solution File, Format Version 12.00
# Visual Studio Version 17
VisualStudioVersion = 17.7.34031.279
MinimumVisualStudioVersion = 10.0.40219.1
Project("{FAE04EC0-301F-11D3-BF4B-00C04F79EFBC}") = "K3_Lab1_SQL", "K3_Lab1_SQL\K3_Lab1_SQL.csproj", "{3B0CB159-4216-4AC5-8B46-D622D75F723F}"
EndProject
Global
	GlobalSection(SolutionConfigurationPlatforms) = preSolution
		Debug|Any CPU = Debug|Any CPU
		Release|Any CPU = Release|Any CPU
	EndGlobalSection
	GlobalSection(ProjectConfigurationPlatforms) = postSolution
		{3B0CB159-4216-4AC5-8B46-D622D75F723F}.Debug|Any CPU.ActiveCfg = Debug|Any CPU
		{3B0CB159-4216-4AC5-8B46-D622D75F723F}.Debug|Any CPU.Build.0 = Debug|Any CPU
		{3B0CB159-4216-4AC5-8B46-D622D75F723F}.Release|Any CPU.ActiveCfg = Release|Any CPU
		{3B0CB159-4216-4AC5-8B46-D622D75F723F}.Release|Any CPU.Build.0 = Release|Any CPU
	EndGlobalSection
	GlobalSection(SolutionProperties) = preSolution
		HideSolutionNode = FALSE
	EndGlobalSection
	GlobalSection(ExtensibilityGlobals) = postSolution
		SolutionGuid = {F367B1E5-CB4D-4116-ACC8-CB5C6B40A98F}
	EndGlobalSection
EndGlobal
